// !$*UTF8*$!
{
	archiveVersion = 1;
	classes = {
	};
	objectVersion = 46;
	objects = {

/* Begin PBXBuildFile section */
		4629AA2319FEF093008AFA9E /* main.swift in Sources */ = {isa = PBXBuildFile; fileRef = 4629AA2219FEF093008AFA9E /* main.swift */; };
		4629AA2A19FEF0DC008AFA9E /* Node.swift in Sources */ = {isa = PBXBuildFile; fileRef = 4629AA2919FEF0DC008AFA9E /* Node.swift */; };
		4629AA2C19FEF116008AFA9E /* Queue.swift in Sources */ = {isa = PBXBuildFile; fileRef = 4629AA2B19FEF116008AFA9E /* Queue.swift */; };
		462F2F621A0822D2006C50D5 /* Merge.swift in Sources */ = {isa = PBXBuildFile; fileRef = 462F2F611A0822D2006C50D5 /* Merge.swift */; };
		4637D9E019FEF7ED00C0D63F /* Insertion.swift in Sources */ = {isa = PBXBuildFile; fileRef = 4637D9DF19FEF7ED00C0D63F /* Insertion.swift */; };
		46FD5CBF19FEF473007B7928 /* Stack.swift in Sources */ = {isa = PBXBuildFile; fileRef = 46FD5CBE19FEF473007B7928 /* Stack.swift */; };
/* End PBXBuildFile section */

/* Begin PBXCopyFilesBuildPhase section */
		4629AA1D19FEF093008AFA9E /* CopyFiles */ = {
			isa = PBXCopyFilesBuildPhase;
			buildActionMask = 2147483647;
			dstPath = /usr/share/man/man1/;
			dstSubfolderSpec = 0;
			files = (
			);
			runOnlyForDeploymentPostprocessing = 1;
		};
/* End PBXCopyFilesBuildPhase section */

/* Begin PBXFileReference section */
		4629AA1F19FEF093008AFA9E /* SwiftUtils */ = {isa = PBXFileReference; explicitFileType = "compiled.mach-o.executable"; includeInIndex = 0; path = SwiftUtils; sourceTree = BUILT_PRODUCTS_DIR; };
		4629AA2219FEF093008AFA9E /* main.swift */ = {isa = PBXFileReference; lastKnownFileType = sourcecode.swift; path = main.swift; sourceTree = "<group>"; };
		4629AA2919FEF0DC008AFA9E /* Node.swift */ = {isa = PBXFileReference; fileEncoding = 4; lastKnownFileType = sourcecode.swift; path = Node.swift; sourceTree = "<group>"; };
		4629AA2B19FEF116008AFA9E /* Queue.swift */ = {isa = PBXFileReference; fileEncoding = 4; lastKnownFileType = sourcecode.swift; path = Queue.swift; sourceTree = "<group>"; };
		462F2F611A0822D2006C50D5 /* Merge.swift */ = {isa = PBXFileReference; fileEncoding = 4; lastKnownFileType = sourcecode.swift; path = Merge.swift; sourceTree = "<group>"; };
		4637D9DF19FEF7ED00C0D63F /* Insertion.swift */ = {isa = PBXFileReference; fileEncoding = 4; lastKnownFileType = sourcecode.swift; path = Insertion.swift; sourceTree = "<group>"; };
		46FD5CBE19FEF473007B7928 /* Stack.swift */ = {isa = PBXFileReference; fileEncoding = 4; lastKnownFileType = sourcecode.swift; path = Stack.swift; sourceTree = "<group>"; };
/* End PBXFileReference section */

/* Begin PBXFrameworksBuildPhase section */
		4629AA1C19FEF093008AFA9E /* Frameworks */ = {
			isa = PBXFrameworksBuildPhase;
			buildActionMask = 2147483647;
			files = (
			);
			runOnlyForDeploymentPostprocessing = 0;
		};
/* End PBXFrameworksBuildPhase section */

/* Begin PBXGroup section */
		4629AA1619FEF093008AFA9E = {
			isa = PBXGroup;
			children = (
				4629AA2119FEF093008AFA9E /* SwiftUtils */,
				4629AA2019FEF093008AFA9E /* Products */,
			);
			sourceTree = "<group>";
		};
		4629AA2019FEF093008AFA9E /* Products */ = {
			isa = PBXGroup;
			children = (
				4629AA1F19FEF093008AFA9E /* SwiftUtils */,
			);
			name = Products;
			sourceTree = "<group>";
		};
		4629AA2119FEF093008AFA9E /* SwiftUtils */ = {
			isa = PBXGroup;
			children = (
				4629AA2219FEF093008AFA9E /* main.swift */,
				4629AA2919FEF0DC008AFA9E /* Node.swift */,
				4629AA2B19FEF116008AFA9E /* Queue.swift */,
				46FD5CBE19FEF473007B7928 /* Stack.swift */,
				4637D9DF19FEF7ED00C0D63F /* Insertion.swift */,
				462F2F611A0822D2006C50D5 /* Merge.swift */,
			);
			path = SwiftUtils;
			sourceTree = "<group>";
		};
/* End PBXGroup section */

/* Begin PBXNativeTarget section */
		4629AA1E19FEF093008AFA9E /* SwiftUtils */ = {
			isa = PBXNativeTarget;
			buildConfigurationList = 4629AA2619FEF093008AFA9E /* Build configuration list for PBXNativeTarget "SwiftUtils" */;
			buildPhases = (
				4629AA1B19FEF093008AFA9E /* Sources */,
				4629AA1C19FEF093008AFA9E /* Frameworks */,
				4629AA1D19FEF093008AFA9E /* CopyFiles */,
			);
			buildRules = (
			);
			dependencies = (
			);
			name = SwiftUtils;
			productName = SwiftUtils;
			productReference = 4629AA1F19FEF093008AFA9E /* SwiftUtils */;
			productType = "com.apple.product-type.tool";
		};
/* End PBXNativeTarget section */

/* Begin PBXProject section */
		4629AA1719FEF093008AFA9E /* Project object */ = {
			isa = PBXProject;
			attributes = {
				LastUpgradeCheck = 0610;
				ORGANIZATIONNAME = "Nadia Morris";
				TargetAttributes = {
					4629AA1E19FEF093008AFA9E = {
						CreatedOnToolsVersion = 6.1;
					};
				};
			};
			buildConfigurationList = 4629AA1A19FEF093008AFA9E /* Build configuration list for PBXProject "SwiftUtils" */;
			compatibilityVersion = "Xcode 3.2";
			developmentRegion = English;
			hasScannedForEncodings = 0;
			knownRegions = (
				en,
			);
			mainGroup = 4629AA1619FEF093008AFA9E;
			productRefGroup = 4629AA2019FEF093008AFA9E /* Products */;
			projectDirPath = "";
			projectRoot = "";
			targets = (
				4629AA1E19FEF093008AFA9E /* SwiftUtils */,
			);
		};
/* End PBXProject section */

/* Begin PBXSourcesBuildPhase section */
		4629AA1B19FEF093008AFA9E /* Sources */ = {
			isa = PBXSourcesBuildPhase;
			buildActionMask = 2147483647;
			files = (
				462F2F621A0822D2006C50D5 /* Merge.swift in Sources */,
				4637D9E019FEF7ED00C0D63F /* Insertion.swift in Sources */,
				46FD5CBF19FEF473007B7928 /* Stack.swift in Sources */,
				4629AA2319FEF093008AFA9E /* main.swift in Sources */,
				4629AA2C19FEF116008AFA9E /* Queue.swift in Sources */,
				4629AA2A19FEF0DC008AFA9E /* Node.swift in Sources */,
			);
			runOnlyForDeploymentPostprocessing = 0;
		};
/* End PBXSourcesBuildPhase section */

/* Begin XCBuildConfiguration section */
		4629AA2419FEF093008AFA9E /* Debug */ = {
			isa = XCBuildConfiguration;
			buildSettings = {
				ALWAYS_SEARCH_USER_PATHS = NO;
				CLANG_CXX_LANGUAGE_STANDARD = "gnu++0x";
				CLANG_CXX_LIBRARY = "libc++";
				CLANG_ENABLE_MODULES = YES;
				CLANG_ENABLE_OBJC_ARC = YES;
				CLANG_WARN_BOOL_CONVERSION = YES;
				CLANG_WARN_CONSTANT_CONVERSION = YES;
				CLANG_WARN_DIRECT_OBJC_ISA_USAGE = YES_ERROR;
				CLANG_WARN_EMPTY_BODY = YES;
				CLANG_WARN_ENUM_CONVERSION = YES;
				CLANG_WARN_INT_CONVERSION = YES;
				CLANG_WARN_OBJC_ROOT_CLASS = YES_ERROR;
				CLANG_WARN_UNREACHABLE_CODE = YES;
				CLANG_WARN__DUPLICATE_METHOD_MATCH = YES;
				COPY_PHASE_STRIP = NO;
				ENABLE_STRICT_OBJC_MSGSEND = YES;
				GCC_C_LANGUAGE_STANDARD = gnu99;
				GCC_DYNAMIC_NO_PIC = NO;
				GCC_OPTIMIZATION_LEVEL = 0;
				GCC_PREPROCESSOR_DEFINITIONS = (
					"DEBUG=1",
					"$(inherited)",
				);
				GCC_SYMBOLS_PRIVATE_EXTERN = NO;
				GCC_WARN_64_TO_32_BIT_CONVERSION = YES;
				GCC_WARN_ABOUT_RETURN_TYPE = YES_ERROR;
				GCC_WARN_UNDECLARED_SELECTOR = YES;
				GCC_WARN_UNINITIALIZED_AUTOS = YES_AGGRESSIVE;
				GCC_WARN_UNUSED_FUNCTION = YES;
				GCC_WARN_UNUSED_VARIABLE = YES;
				MACOSX_DEPLOYMENT_TARGET = 10.10;
				MTL_ENABLE_DEBUG_INFO = YES;
				ONLY_ACTIVE_ARCH = YES;
				SDKROOT = macosx;
				SWIFT_OPTIMIZATION_LEVEL = "-Onone";
			};
			name = Debug;
		};
		4629AA2519FEF093008AFA9E /* Release */ = {
			isa = XCBuildConfiguration;
			buildSettings = {
				ALWAYS_SEARCH_USER_PATHS = NO;
				CLANG_CXX_LANGUAGE_STANDARD = "gnu++0x";
				CLANG_CXX_LIBRARY = "libc++";
				CLANG_ENABLE_MODULES = YES;
				CLANG_ENABLE_OBJC_ARC = YES;
				CLANG_WARN_BOOL_CONVERSION = YES;
				CLANG_WARN_CONSTANT_CONVERSION = YES;
				CLANG_WARN_DIRECT_OBJC_ISA_USAGE = YES_ERROR;
				CLANG_WARN_EMPTY_BODY = YES;
				CLANG_WARN_ENUM_CONVERSION = YES;
				CLANG_WARN_INT_CONVERSION = YES;
				CLANG_WARN_OBJC_ROOT_CLASS = YES_ERROR;
				CLANG_WARN_UNREACHABLE_CODE = YES;
				CLANG_WARN__DUPLICATE_METHOD_MATCH = YES;
				COPY_PHASE_STRIP = YES;
				DEBUG_INFORMATION_FORMAT = "dwarf-with-dsym";
				ENABLE_NS_ASSERTIONS = NO;
				ENABLE_STRICT_OBJC_MSGSEND = YES;
				GCC_C_LANGUAGE_STANDARD = gnu99;
				GCC_WARN_64_TO_32_BIT_CONVERSION = YES;
				GCC_WARN_ABOUT_RETURN_TYPE = YES_ERROR;
				GCC_WARN_UNDECLARED_SELECTOR = YES;
				GCC_WARN_UNINITIALIZED_AUTOS = YES_AGGRESSIVE;
				GCC_WARN_UNUSED_FUNCTION = YES;
				GCC_WARN_UNUSED_VARIABLE = YES;
				MACOSX_DEPLOYMENT_TARGET = 10.10;
				MTL_ENABLE_DEBUG_INFO = NO;
				SDKROOT = macosx;
			};
			name = Release;
		};
		4629AA2719FEF093008AFA9E /* Debug */ = {
			isa = XCBuildConfiguration;
			buildSettings = {
				PRODUCT_NAME = "$(TARGET_NAME)";
			};
			name = Debug;
		};
		4629AA2819FEF093008AFA9E /* Release */ = {
			isa = XCBuildConfiguration;
			buildSettings = {
				PRODUCT_NAME = "$(TARGET_NAME)";
			};
			name = Release;
		};
/* End XCBuildConfiguration section */

/* Begin XCConfigurationList section */
		4629AA1A19FEF093008AFA9E /* Build configuration list for PBXProject "SwiftUtils" */ = {
			isa = XCConfigurationList;
			buildConfigurations = (
				4629AA2419FEF093008AFA9E /* Debug */,
				4629AA2519FEF093008AFA9E /* Release */,
			);
			defaultConfigurationIsVisible = 0;
			defaultConfigurationName = Release;
		};
		4629AA2619FEF093008AFA9E /* Build configuration list for PBXNativeTarget "SwiftUtils" */ = {
			isa = XCConfigurationList;
			buildConfigurations = (
				4629AA2719FEF093008AFA9E /* Debug */,
				4629AA2819FEF093008AFA9E /* Release */,
			);
			defaultConfigurationIsVisible = 0;
			defaultConfigurationName = Release;
		};
/* End XCConfigurationList section */
	};
	rootObject = 4629AA1719FEF093008AFA9E /* Project object */;
}
